Microsoft Visual Studio Solution File, Format Version 12.00
# Visual Studio Version 17
VisualStudioVersion = 17.5.2.0
MinimumVisualStudioVersion = 10.0.40219.1
Project("{FAE04EC0-301F-11D3-BF4B-00C04F79EFBC}") = "MeddelandeApp", "MeddelandeApp.csproj", "{7FBFBEF3-4B66-92F3-FAA6-15E2AC1CBCB1}"
EndProject
Global
	GlobalSection(SolutionConfigurationPlatforms) = preSolution
		Debug|Any CPU = Debug|Any CPU
		Release|Any CPU = Release|Any CPU
	EndGlobalSection
	GlobalSection(ProjectConfigurationPlatforms) = postSolution
		{7FBFBEF3-4B66-92F3-FAA6-15E2AC1CBCB1}.Debug|Any CPU.ActiveCfg = Debug|Any CPU
		{7FBFBEF3-4B66-92F3-FAA6-15E2AC1CBCB1}.Debug|Any CPU.Build.0 = Debug|Any CPU
		{7FBFBEF3-4B66-92F3-FAA6-15E2AC1CBCB1}.Release|Any CPU.ActiveCfg = Release|Any CPU
		{7FBFBEF3-4B66-92F3-FAA6-15E2AC1CBCB1}.Release|Any CPU.Build.0 = Release|Any CPU
	EndGlobalSection
	GlobalSection(SolutionProperties) = preSolution
		HideSolutionNode = FALSE
	EndGlobalSection
	GlobalSection(ExtensibilityGlobals) = postSolution
		SolutionGuid = {453E7006-8931-405B-BA89-B4833B421A91}
	EndGlobalSection
EndGlobal
