
Microsoft Visual Studio Solution File, Format Version 12.00
# Visual Studio Version 17
VisualStudioVersion = 17.5.002.0
MinimumVisualStudioVersion = 10.0.40219.1
Project("{9A19103F-16F7-4668-BE54-9A1E7A4F7556}") = "HelloWorld", "HelloWorld\HelloWorld.csproj", "{1F243508-8E44-41D3-9631-D99E76EFCA11}"
EndProject
Project("{2150E333-8FDC-42A3-9474-1A3956D46DE8}") = "Kapitel 1", "Kapitel 1", "{9D50BC47-28AA-4842-BA8B-94CE8387A08F}"
EndProject
Project("{9A19103F-16F7-4668-BE54-9A1E7A4F7556}") = "Lucktext", "Kapitel 1\Lucktext\Lucktext.csproj", "{7A89DC78-F931-479C-981C-25BDD320F3F5}"
EndProject
Project("{9A19103F-16F7-4668-BE54-9A1E7A4F7556}") = "registrering", "Kapitel 1\registrering\registrering.csproj", "{5FADF0E1-0E55-4B8D-8EF4-4B1FC7E51C90}"
EndProject
Project("{2150E333-8FDC-42A3-9474-1A3956D46DE8}") = "Kapitel 3", "Kapitel 3", "{8B603BBC-ABB0-4BBF-9745-2951F23A915B}"
EndProject
Project("{9A19103F-16F7-4668-BE54-9A1E7A4F7556}") = "EngChart", "Kapitel 3\EngChart\EngChart.csproj", "{22F9C1C9-13AE-40A9-BA27-B8B79F58736D}"
EndProject
Project("{9A19103F-16F7-4668-BE54-9A1E7A4F7556}") = "InteractivStory", "Kapitel 3\InteractivStory\InteractivStory.csproj", "{9316F37E-D78C-40C7-8FB8-94869E510819}"
EndProject
Global
	GlobalSection(SolutionConfigurationPlatforms) = preSolution
		Debug|Any CPU = Debug|Any CPU
		Release|Any CPU = Release|Any CPU
	EndGlobalSection
	GlobalSection(ProjectConfigurationPlatforms) = postSolution
		{1F243508-8E44-41D3-9631-D99E76EFCA11}.Debug|Any CPU.ActiveCfg = Debug|Any CPU
		{1F243508-8E44-41D3-9631-D99E76EFCA11}.Debug|Any CPU.Build.0 = Debug|Any CPU
		{1F243508-8E44-41D3-9631-D99E76EFCA11}.Release|Any CPU.ActiveCfg = Release|Any CPU
		{1F243508-8E44-41D3-9631-D99E76EFCA11}.Release|Any CPU.Build.0 = Release|Any CPU
		{7A89DC78-F931-479C-981C-25BDD320F3F5}.Debug|Any CPU.ActiveCfg = Debug|Any CPU
		{7A89DC78-F931-479C-981C-25BDD320F3F5}.Debug|Any CPU.Build.0 = Debug|Any CPU
		{7A89DC78-F931-479C-981C-25BDD320F3F5}.Release|Any CPU.ActiveCfg = Release|Any CPU
		{7A89DC78-F931-479C-981C-25BDD320F3F5}.Release|Any CPU.Build.0 = Release|Any CPU
		{5FADF0E1-0E55-4B8D-8EF4-4B1FC7E51C90}.Debug|Any CPU.ActiveCfg = Debug|Any CPU
		{5FADF0E1-0E55-4B8D-8EF4-4B1FC7E51C90}.Debug|Any CPU.Build.0 = Debug|Any CPU
		{5FADF0E1-0E55-4B8D-8EF4-4B1FC7E51C90}.Release|Any CPU.ActiveCfg = Release|Any CPU
		{5FADF0E1-0E55-4B8D-8EF4-4B1FC7E51C90}.Release|Any CPU.Build.0 = Release|Any CPU
		{22F9C1C9-13AE-40A9-BA27-B8B79F58736D}.Debug|Any CPU.ActiveCfg = Debug|Any CPU
		{22F9C1C9-13AE-40A9-BA27-B8B79F58736D}.Debug|Any CPU.Build.0 = Debug|Any CPU
		{22F9C1C9-13AE-40A9-BA27-B8B79F58736D}.Release|Any CPU.ActiveCfg = Release|Any CPU
		{22F9C1C9-13AE-40A9-BA27-B8B79F58736D}.Release|Any CPU.Build.0 = Release|Any CPU
		{9316F37E-D78C-40C7-8FB8-94869E510819}.Debug|Any CPU.ActiveCfg = Debug|Any CPU
		{9316F37E-D78C-40C7-8FB8-94869E510819}.Debug|Any CPU.Build.0 = Debug|Any CPU
		{9316F37E-D78C-40C7-8FB8-94869E510819}.Release|Any CPU.ActiveCfg = Release|Any CPU
		{9316F37E-D78C-40C7-8FB8-94869E510819}.Release|Any CPU.Build.0 = Release|Any CPU
	EndGlobalSection
	GlobalSection(SolutionProperties) = preSolution
		HideSolutionNode = FALSE
	EndGlobalSection
	GlobalSection(NestedProjects) = preSolution
		{7A89DC78-F931-479C-981C-25BDD320F3F5} = {9D50BC47-28AA-4842-BA8B-94CE8387A08F}
		{5FADF0E1-0E55-4B8D-8EF4-4B1FC7E51C90} = {9D50BC47-28AA-4842-BA8B-94CE8387A08F}
		{22F9C1C9-13AE-40A9-BA27-B8B79F58736D} = {8B603BBC-ABB0-4BBF-9745-2951F23A915B}
		{9316F37E-D78C-40C7-8FB8-94869E510819} = {8B603BBC-ABB0-4BBF-9745-2951F23A915B}
	EndGlobalSection
	GlobalSection(ExtensibilityGlobals) = postSolution
		SolutionGuid = {5CBA7595-864E-43E6-A2ED-DA73848686CE}
	EndGlobalSection
EndGlobal
