
Microsoft Visual Studio Solution File, Format Version 12.00
# Visual Studio Version 17
VisualStudioVersion = 17.5.002.0
MinimumVisualStudioVersion = 10.0.40219.1
Project("{9A19103F-16F7-4668-BE54-9A1E7A4F7556}") = "HelloWorld", "HelloWorld\HelloWorld.csproj", "{45EF9B35-DF2E-4EEB-B53B-8D48F173BAE2}"
EndProject
Project("{2150E333-8FDC-42A3-9474-1A3956D46DE8}") = "Kapitel 1", "Kapitel 1", "{C039441C-FE12-41D8-A7BD-26962024442B}"
EndProject
Project("{9A19103F-16F7-4668-BE54-9A1E7A4F7556}") = "Lucktext", "Kapitel 1\Lucktext\Lucktext.csproj", "{DC06DF55-922A-470C-98F2-C54A358A67A2}"
EndProject
Project("{9A19103F-16F7-4668-BE54-9A1E7A4F7556}") = "registrering", "Kapitel 1\registrering\registrering.csproj", "{02DAD23F-61D5-4FAC-B352-83A5180B118A}"
EndProject
Project("{2150E333-8FDC-42A3-9474-1A3956D46DE8}") = "Kapitel 3", "Kapitel 3", "{733DA1EE-A57F-439B-AA3B-432E77F8F532}"
EndProject
Project("{9A19103F-16F7-4668-BE54-9A1E7A4F7556}") = "EngChart", "Kapitel 3\EngChart\EngChart.csproj", "{E3EC008E-880C-4720-86E3-41E4F3A0419F}"
EndProject
Global
	GlobalSection(SolutionConfigurationPlatforms) = preSolution
		Debug|Any CPU = Debug|Any CPU
		Release|Any CPU = Release|Any CPU
	EndGlobalSection
	GlobalSection(ProjectConfigurationPlatforms) = postSolution
		{45EF9B35-DF2E-4EEB-B53B-8D48F173BAE2}.Debug|Any CPU.ActiveCfg = Debug|Any CPU
		{45EF9B35-DF2E-4EEB-B53B-8D48F173BAE2}.Debug|Any CPU.Build.0 = Debug|Any CPU
		{45EF9B35-DF2E-4EEB-B53B-8D48F173BAE2}.Release|Any CPU.ActiveCfg = Release|Any CPU
		{45EF9B35-DF2E-4EEB-B53B-8D48F173BAE2}.Release|Any CPU.Build.0 = Release|Any CPU
		{DC06DF55-922A-470C-98F2-C54A358A67A2}.Debug|Any CPU.ActiveCfg = Debug|Any CPU
		{DC06DF55-922A-470C-98F2-C54A358A67A2}.Debug|Any CPU.Build.0 = Debug|Any CPU
		{DC06DF55-922A-470C-98F2-C54A358A67A2}.Release|Any CPU.ActiveCfg = Release|Any CPU
		{DC06DF55-922A-470C-98F2-C54A358A67A2}.Release|Any CPU.Build.0 = Release|Any CPU
		{02DAD23F-61D5-4FAC-B352-83A5180B118A}.Debug|Any CPU.ActiveCfg = Debug|Any CPU
		{02DAD23F-61D5-4FAC-B352-83A5180B118A}.Debug|Any CPU.Build.0 = Debug|Any CPU
		{02DAD23F-61D5-4FAC-B352-83A5180B118A}.Release|Any CPU.ActiveCfg = Release|Any CPU
		{02DAD23F-61D5-4FAC-B352-83A5180B118A}.Release|Any CPU.Build.0 = Release|Any CPU
		{E3EC008E-880C-4720-86E3-41E4F3A0419F}.Debug|Any CPU.ActiveCfg = Debug|Any CPU
		{E3EC008E-880C-4720-86E3-41E4F3A0419F}.Debug|Any CPU.Build.0 = Debug|Any CPU
		{E3EC008E-880C-4720-86E3-41E4F3A0419F}.Release|Any CPU.ActiveCfg = Release|Any CPU
		{E3EC008E-880C-4720-86E3-41E4F3A0419F}.Release|Any CPU.Build.0 = Release|Any CPU
	EndGlobalSection
	GlobalSection(SolutionProperties) = preSolution
		HideSolutionNode = FALSE
	EndGlobalSection
	GlobalSection(NestedProjects) = preSolution
		{DC06DF55-922A-470C-98F2-C54A358A67A2} = {C039441C-FE12-41D8-A7BD-26962024442B}
		{02DAD23F-61D5-4FAC-B352-83A5180B118A} = {C039441C-FE12-41D8-A7BD-26962024442B}
		{E3EC008E-880C-4720-86E3-41E4F3A0419F} = {733DA1EE-A57F-439B-AA3B-432E77F8F532}
	EndGlobalSection
	GlobalSection(ExtensibilityGlobals) = postSolution
		SolutionGuid = {5CBA7595-864E-43E6-A2ED-DA73848686CE}
	EndGlobalSection
EndGlobal
