
Microsoft Visual Studio Solution File, Format Version 12.00
# Visual Studio Version 17
VisualStudioVersion = 17.5.002.0
MinimumVisualStudioVersion = 10.0.40219.1
Project("{9A19103F-16F7-4668-BE54-9A1E7A4F7556}") = "CelsiusFahrenheit", "CelsiusFahrenheit.csproj", "{ACE529CC-1F55-4136-AEB5-EC99563253B6}"
EndProject
Global
	GlobalSection(SolutionConfigurationPlatforms) = preSolution
		Debug|Any CPU = Debug|Any CPU
		Release|Any CPU = Release|Any CPU
	EndGlobalSection
	GlobalSection(ProjectConfigurationPlatforms) = postSolution
		{ACE529CC-1F55-4136-AEB5-EC99563253B6}.Debug|Any CPU.ActiveCfg = Debug|Any CPU
		{ACE529CC-1F55-4136-AEB5-EC99563253B6}.Debug|Any CPU.Build.0 = Debug|Any CPU
		{ACE529CC-1F55-4136-AEB5-EC99563253B6}.Release|Any CPU.ActiveCfg = Release|Any CPU
		{ACE529CC-1F55-4136-AEB5-EC99563253B6}.Release|Any CPU.Build.0 = Release|Any CPU
	EndGlobalSection
	GlobalSection(SolutionProperties) = preSolution
		HideSolutionNode = FALSE
	EndGlobalSection
	GlobalSection(ExtensibilityGlobals) = postSolution
		SolutionGuid = {62AEFBC5-0CE4-4611-90DC-7E9FC694808A}
	EndGlobalSection
EndGlobal
