
Microsoft Visual Studio Solution File, Format Version 12.00
# Visual Studio Version 17
VisualStudioVersion = 17.5.002.0
MinimumVisualStudioVersion = 10.0.40219.1
Project("{9A19103F-16F7-4668-BE54-9A1E7A4F7556}") = "Blackjack", "Blackjack.csproj", "{C64E3EA7-8A5E-45E6-BADC-6FF269F38DCB}"
EndProject
Global
	GlobalSection(SolutionConfigurationPlatforms) = preSolution
		Debug|Any CPU = Debug|Any CPU
		Release|Any CPU = Release|Any CPU
	EndGlobalSection
	GlobalSection(ProjectConfigurationPlatforms) = postSolution
		{C64E3EA7-8A5E-45E6-BADC-6FF269F38DCB}.Debug|Any CPU.ActiveCfg = Debug|Any CPU
		{C64E3EA7-8A5E-45E6-BADC-6FF269F38DCB}.Debug|Any CPU.Build.0 = Debug|Any CPU
		{C64E3EA7-8A5E-45E6-BADC-6FF269F38DCB}.Release|Any CPU.ActiveCfg = Release|Any CPU
		{C64E3EA7-8A5E-45E6-BADC-6FF269F38DCB}.Release|Any CPU.Build.0 = Release|Any CPU
	EndGlobalSection
	GlobalSection(SolutionProperties) = preSolution
		HideSolutionNode = FALSE
	EndGlobalSection
	GlobalSection(ExtensibilityGlobals) = postSolution
		SolutionGuid = {AC7965E3-7305-4C8F-8955-75E1804F1BEB}
	EndGlobalSection
EndGlobal
