
Microsoft Visual Studio Solution File, Format Version 12.00
# Visual Studio Version 17
VisualStudioVersion = 17.5.002.0
MinimumVisualStudioVersion = 10.0.40219.1
Project("{9A19103F-16F7-4668-BE54-9A1E7A4F7556}") = "EngChart", "EngChart.csproj", "{EB8589DD-439E-4B71-820A-C6F5213BB2FC}"
EndProject
Global
	GlobalSection(SolutionConfigurationPlatforms) = preSolution
		Debug|Any CPU = Debug|Any CPU
		Release|Any CPU = Release|Any CPU
	EndGlobalSection
	GlobalSection(ProjectConfigurationPlatforms) = postSolution
		{EB8589DD-439E-4B71-820A-C6F5213BB2FC}.Debug|Any CPU.ActiveCfg = Debug|Any CPU
		{EB8589DD-439E-4B71-820A-C6F5213BB2FC}.Debug|Any CPU.Build.0 = Debug|Any CPU
		{EB8589DD-439E-4B71-820A-C6F5213BB2FC}.Release|Any CPU.ActiveCfg = Release|Any CPU
		{EB8589DD-439E-4B71-820A-C6F5213BB2FC}.Release|Any CPU.Build.0 = Release|Any CPU
	EndGlobalSection
	GlobalSection(SolutionProperties) = preSolution
		HideSolutionNode = FALSE
	EndGlobalSection
	GlobalSection(ExtensibilityGlobals) = postSolution
		SolutionGuid = {7E005E9B-5AC7-47AB-82D7-A97525737E8D}
	EndGlobalSection
EndGlobal
